// !$*UTF8*$!
{
	archiveVersion = 1;
	classes = {
	};
	objectVersion = 55;
	objects = {

/* Begin PBXBuildFile section */
		022E2AC427DA7EB7004D7FC1 /* Tests_iOS.swift in Sources */ = {isa = PBXBuildFile; fileRef = 022E2AC327DA7EB7004D7FC1 /* Tests_iOS.swift */; };
		022E2AC627DA7EB7004D7FC1 /* Tests_iOSLaunchTests.swift in Sources */ = {isa = PBXBuildFile; fileRef = 022E2AC527DA7EB7004D7FC1 /* Tests_iOSLaunchTests.swift */; };
		022E2AD027DA7EB7004D7FC1 /* Tests_macOS.swift in Sources */ = {isa = PBXBuildFile; fileRef = 022E2ACF27DA7EB7004D7FC1 /* Tests_macOS.swift */; };
		022E2AD227DA7EB7004D7FC1 /* Tests_macOSLaunchTests.swift in Sources */ = {isa = PBXBuildFile; fileRef = 022E2AD127DA7EB7004D7FC1 /* Tests_macOSLaunchTests.swift */; };
		022E2AD327DA7EB7004D7FC1 /* Metis.xcdatamodeld in Sources */ = {isa = PBXBuildFile; fileRef = 022E2AA827DA7EB2004D7FC1 /* Metis.xcdatamodeld */; };
		022E2AD427DA7EB7004D7FC1 /* Metis.xcdatamodeld in Sources */ = {isa = PBXBuildFile; fileRef = 022E2AA827DA7EB2004D7FC1 /* Metis.xcdatamodeld */; };
		022E2AD527DA7EB7004D7FC1 /* MetisApp.swift in Sources */ = {isa = PBXBuildFile; fileRef = 022E2AAA27DA7EB2004D7FC1 /* MetisApp.swift */; };
		022E2AD627DA7EB7004D7FC1 /* MetisApp.swift in Sources */ = {isa = PBXBuildFile; fileRef = 022E2AAA27DA7EB2004D7FC1 /* MetisApp.swift */; };
		022E2AD727DA7EB7004D7FC1 /* ContentView.swift in Sources */ = {isa = PBXBuildFile; fileRef = 022E2AAB27DA7EB2004D7FC1 /* ContentView.swift */; };
		022E2AD827DA7EB7004D7FC1 /* ContentView.swift in Sources */ = {isa = PBXBuildFile; fileRef = 022E2AAB27DA7EB2004D7FC1 /* ContentView.swift */; };
		022E2AD927DA7EB7004D7FC1 /* Persistence.swift in Sources */ = {isa = PBXBuildFile; fileRef = 022E2AAC27DA7EB2004D7FC1 /* Persistence.swift */; };
		022E2ADA27DA7EB7004D7FC1 /* Persistence.swift in Sources */ = {isa = PBXBuildFile; fileRef = 022E2AAC27DA7EB2004D7FC1 /* Persistence.swift */; };
		022E2ADB27DA7EB7004D7FC1 /* Assets.xcassets in Resources */ = {isa = PBXBuildFile; fileRef = 022E2AAD27DA7EB6004D7FC1 /* Assets.xcassets */; };
		022E2ADC27DA7EB7004D7FC1 /* Assets.xcassets in Resources */ = {isa = PBXBuildFile; fileRef = 022E2AAD27DA7EB6004D7FC1 /* Assets.xcassets */; };
/* End PBXBuildFile section */

/* Begin PBXContainerItemProxy section */
		022E2AC027DA7EB7004D7FC1 /* PBXContainerItemProxy */ = {
			isa = PBXContainerItemProxy;
			containerPortal = 022E2AA327DA7EB2004D7FC1 /* Project object */;
			proxyType = 1;
			remoteGlobalIDString = 022E2AB127DA7EB7004D7FC1;
			remoteInfo = "Metis (iOS)";
		};
		022E2ACC27DA7EB7004D7FC1 /* PBXContainerItemProxy */ = {
			isa = PBXContainerItemProxy;
			containerPortal = 022E2AA327DA7EB2004D7FC1 /* Project object */;
			proxyType = 1;
			remoteGlobalIDString = 022E2AB727DA7EB7004D7FC1;
			remoteInfo = "Metis (macOS)";
		};
/* End PBXContainerItemProxy section */

/* Begin PBXFileReference section */
		022E2AA927DA7EB2004D7FC1 /* Shared.xcdatamodel */ = {isa = PBXFileReference; lastKnownFileType = wrapper.xcdatamodel; path = Shared.xcdatamodel; sourceTree = "<group>"; };
		022E2AAA27DA7EB2004D7FC1 /* MetisApp.swift */ = {isa = PBXFileReference; lastKnownFileType = sourcecode.swift; path = MetisApp.swift; sourceTree = "<group>"; };
		022E2AAB27DA7EB2004D7FC1 /* ContentView.swift */ = {isa = PBXFileReference; lastKnownFileType = sourcecode.swift; path = ContentView.swift; sourceTree = "<group>"; };
		022E2AAC27DA7EB2004D7FC1 /* Persistence.swift */ = {isa = PBXFileReference; lastKnownFileType = sourcecode.swift; path = Persistence.swift; sourceTree = "<group>"; };
		022E2AAD27DA7EB6004D7FC1 /* Assets.xcassets */ = {isa = PBXFileReference; lastKnownFileType = folder.assetcatalog; path = Assets.xcassets; sourceTree = "<group>"; };
		022E2AB227DA7EB7004D7FC1 /* Metis.app */ = {isa = PBXFileReference; explicitFileType = wrapper.application; includeInIndex = 0; path = Metis.app; sourceTree = BUILT_PRODUCTS_DIR; };
		022E2AB827DA7EB7004D7FC1 /* Metis.app */ = {isa = PBXFileReference; explicitFileType = wrapper.application; includeInIndex = 0; path = Metis.app; sourceTree = BUILT_PRODUCTS_DIR; };
		022E2ABA27DA7EB7004D7FC1 /* macOS.entitlements */ = {isa = PBXFileReference; lastKnownFileType = text.plist.entitlements; path = macOS.entitlements; sourceTree = "<group>"; };
		022E2ABF27DA7EB7004D7FC1 /* Tests iOS.xctest */ = {isa = PBXFileReference; explicitFileType = wrapper.cfbundle; includeInIndex = 0; path = "Tests iOS.xctest"; sourceTree = BUILT_PRODUCTS_DIR; };
		022E2AC327DA7EB7004D7FC1 /* Tests_iOS.swift */ = {isa = PBXFileReference; lastKnownFileType = sourcecode.swift; path = Tests_iOS.swift; sourceTree = "<group>"; };
		022E2AC527DA7EB7004D7FC1 /* Tests_iOSLaunchTests.swift */ = {isa = PBXFileReference; lastKnownFileType = sourcecode.swift; path = Tests_iOSLaunchTests.swift; sourceTree = "<group>"; };
		022E2ACB27DA7EB7004D7FC1 /* Tests macOS.xctest */ = {isa = PBXFileReference; explicitFileType = wrapper.cfbundle; includeInIndex = 0; path = "Tests macOS.xctest"; sourceTree = BUILT_PRODUCTS_DIR; };
		022E2ACF27DA7EB7004D7FC1 /* Tests_macOS.swift */ = {isa = PBXFileReference; lastKnownFileType = sourcecode.swift; path = Tests_macOS.swift; sourceTree = "<group>"; };
		022E2AD127DA7EB7004D7FC1 /* Tests_macOSLaunchTests.swift */ = {isa = PBXFileReference; lastKnownFileType = sourcecode.swift; path = Tests_macOSLaunchTests.swift; sourceTree = "<group>"; };
/* End PBXFileReference section */

/* Begin PBXFrameworksBuildPhase section */
		022E2AAF27DA7EB7004D7FC1 /* Frameworks */ = {
			isa = PBXFrameworksBuildPhase;
			buildActionMask = 2147483647;
			files = (
			);
			runOnlyForDeploymentPostprocessing = 0;
		};
		022E2AB527DA7EB7004D7FC1 /* Frameworks */ = {
			isa = PBXFrameworksBuildPhase;
			buildActionMask = 2147483647;
			files = (
			);
			runOnlyForDeploymentPostprocessing = 0;
		};
		022E2ABC27DA7EB7004D7FC1 /* Frameworks */ = {
			isa = PBXFrameworksBuildPhase;
			buildActionMask = 2147483647;
			files = (
			);
			runOnlyForDeploymentPostprocessing = 0;
		};
		022E2AC827DA7EB7004D7FC1 /* Frameworks */ = {
			isa = PBXFrameworksBuildPhase;
			buildActionMask = 2147483647;
			files = (
			);
			runOnlyForDeploymentPostprocessing = 0;
		};
/* End PBXFrameworksBuildPhase section */

/* Begin PBXGroup section */
		022E2AA227DA7EB2004D7FC1 = {
			isa = PBXGroup;
			children = (
				022E2AA727DA7EB2004D7FC1 /* Shared */,
				022E2AB927DA7EB7004D7FC1 /* macOS */,
				022E2AC227DA7EB7004D7FC1 /* Tests iOS */,
				022E2ACE27DA7EB7004D7FC1 /* Tests macOS */,
				022E2AB327DA7EB7004D7FC1 /* Products */,
			);
			sourceTree = "<group>";
		};
		022E2AA727DA7EB2004D7FC1 /* Shared */ = {
			isa = PBXGroup;
			children = (
				022E2AAA27DA7EB2004D7FC1 /* MetisApp.swift */,
				022E2AAB27DA7EB2004D7FC1 /* ContentView.swift */,
				022E2AAC27DA7EB2004D7FC1 /* Persistence.swift */,
				022E2AAD27DA7EB6004D7FC1 /* Assets.xcassets */,
				022E2AA827DA7EB2004D7FC1 /* Metis.xcdatamodeld */,
			);
			path = Shared;
			sourceTree = "<group>";
		};
		022E2AB327DA7EB7004D7FC1 /* Products */ = {
			isa = PBXGroup;
			children = (
				022E2AB227DA7EB7004D7FC1 /* Metis.app */,
				022E2AB827DA7EB7004D7FC1 /* Metis.app */,
				022E2ABF27DA7EB7004D7FC1 /* Tests iOS.xctest */,
				022E2ACB27DA7EB7004D7FC1 /* Tests macOS.xctest */,
			);
			name = Products;
			sourceTree = "<group>";
		};
		022E2AB927DA7EB7004D7FC1 /* macOS */ = {
			isa = PBXGroup;
			children = (
				022E2ABA27DA7EB7004D7FC1 /* macOS.entitlements */,
			);
			path = macOS;
			sourceTree = "<group>";
		};
		022E2AC227DA7EB7004D7FC1 /* Tests iOS */ = {
			isa = PBXGroup;
			children = (
				022E2AC327DA7EB7004D7FC1 /* Tests_iOS.swift */,
				022E2AC527DA7EB7004D7FC1 /* Tests_iOSLaunchTests.swift */,
			);
			path = "Tests iOS";
			sourceTree = "<group>";
		};
		022E2ACE27DA7EB7004D7FC1 /* Tests macOS */ = {
			isa = PBXGroup;
			children = (
				022E2ACF27DA7EB7004D7FC1 /* Tests_macOS.swift */,
				022E2AD127DA7EB7004D7FC1 /* Tests_macOSLaunchTests.swift */,
			);
			path = "Tests macOS";
			sourceTree = "<group>";
		};
/* End PBXGroup section */

/* Begin PBXNativeTarget section */
		022E2AB127DA7EB7004D7FC1 /* Metis (iOS) */ = {
			isa = PBXNativeTarget;
			buildConfigurationList = 022E2ADF27DA7EB7004D7FC1 /* Build configuration list for PBXNativeTarget "Metis (iOS)" */;
			buildPhases = (
				022E2AAE27DA7EB7004D7FC1 /* Sources */,
				022E2AAF27DA7EB7004D7FC1 /* Frameworks */,
				022E2AB027DA7EB7004D7FC1 /* Resources */,
			);
			buildRules = (
			);
			dependencies = (
			);
			name = "Metis (iOS)";
			productName = "Metis (iOS)";
			productReference = 022E2AB227DA7EB7004D7FC1 /* Metis.app */;
			productType = "com.apple.product-type.application";
		};
		022E2AB727DA7EB7004D7FC1 /* Metis (macOS) */ = {
			isa = PBXNativeTarget;
			buildConfigurationList = 022E2AE227DA7EB7004D7FC1 /* Build configuration list for PBXNativeTarget "Metis (macOS)" */;
			buildPhases = (
				022E2AB427DA7EB7004D7FC1 /* Sources */,
				022E2AB527DA7EB7004D7FC1 /* Frameworks */,
				022E2AB627DA7EB7004D7FC1 /* Resources */,
			);
			buildRules = (
			);
			dependencies = (
			);
			name = "Metis (macOS)";
			productName = "Metis (macOS)";
			productReference = 022E2AB827DA7EB7004D7FC1 /* Metis.app */;
			productType = "com.apple.product-type.application";
		};
		022E2ABE27DA7EB7004D7FC1 /* Tests iOS */ = {
			isa = PBXNativeTarget;
			buildConfigurationList = 022E2AE527DA7EB7004D7FC1 /* Build configuration list for PBXNativeTarget "Tests iOS" */;
			buildPhases = (
				022E2ABB27DA7EB7004D7FC1 /* Sources */,
				022E2ABC27DA7EB7004D7FC1 /* Frameworks */,
				022E2ABD27DA7EB7004D7FC1 /* Resources */,
			);
			buildRules = (
			);
			dependencies = (
				022E2AC127DA7EB7004D7FC1 /* PBXTargetDependency */,
			);
			name = "Tests iOS";
			productName = "Tests iOS";
			productReference = 022E2ABF27DA7EB7004D7FC1 /* Tests iOS.xctest */;
			productType = "com.apple.product-type.bundle.ui-testing";
		};
		022E2ACA27DA7EB7004D7FC1 /* Tests macOS */ = {
			isa = PBXNativeTarget;
			buildConfigurationList = 022E2AE827DA7EB7004D7FC1 /* Build configuration list for PBXNativeTarget "Tests macOS" */;
			buildPhases = (
				022E2AC727DA7EB7004D7FC1 /* Sources */,
				022E2AC827DA7EB7004D7FC1 /* Frameworks */,
				022E2AC927DA7EB7004D7FC1 /* Resources */,
			);
			buildRules = (
			);
			dependencies = (
				022E2ACD27DA7EB7004D7FC1 /* PBXTargetDependency */,
			);
			name = "Tests macOS";
			productName = "Tests macOS";
			productReference = 022E2ACB27DA7EB7004D7FC1 /* Tests macOS.xctest */;
			productType = "com.apple.product-type.bundle.ui-testing";
		};
/* End PBXNativeTarget section */

/* Begin PBXProject section */
		022E2AA327DA7EB2004D7FC1 /* Project object */ = {
			isa = PBXProject;
			attributes = {
				BuildIndependentTargetsInParallel = 1;
				LastSwiftUpdateCheck = 1330;
				LastUpgradeCheck = 1330;
				TargetAttributes = {
					022E2AB127DA7EB7004D7FC1 = {
						CreatedOnToolsVersion = 13.3;
					};
					022E2AB727DA7EB7004D7FC1 = {
						CreatedOnToolsVersion = 13.3;
					};
					022E2ABE27DA7EB7004D7FC1 = {
						CreatedOnToolsVersion = 13.3;
						TestTargetID = 022E2AB127DA7EB7004D7FC1;
					};
					022E2ACA27DA7EB7004D7FC1 = {
						CreatedOnToolsVersion = 13.3;
						TestTargetID = 022E2AB727DA7EB7004D7FC1;
					};
				};
			};
			buildConfigurationList = 022E2AA627DA7EB2004D7FC1 /* Build configuration list for PBXProject "Metis" */;
			compatibilityVersion = "Xcode 13.0";
			developmentRegion = en;
			hasScannedForEncodings = 0;
			knownRegions = (
				en,
				Base,
			);
			mainGroup = 022E2AA227DA7EB2004D7FC1;
			productRefGroup = 022E2AB327DA7EB7004D7FC1 /* Products */;
			projectDirPath = "";
			projectRoot = "";
			targets = (
				022E2AB127DA7EB7004D7FC1 /* Metis (iOS) */,
				022E2AB727DA7EB7004D7FC1 /* Metis (macOS) */,
				022E2ABE27DA7EB7004D7FC1 /* Tests iOS */,
				022E2ACA27DA7EB7004D7FC1 /* Tests macOS */,
			);
		};
/* End PBXProject section */

/* Begin PBXResourcesBuildPhase section */
		022E2AB027DA7EB7004D7FC1 /* Resources */ = {
			isa = PBXResourcesBuildPhase;
			buildActionMask = 2147483647;
			files = (
				022E2ADB27DA7EB7004D7FC1 /* Assets.xcassets in Resources */,
			);
			runOnlyForDeploymentPostprocessing = 0;
		};
		022E2AB627DA7EB7004D7FC1 /* Resources */ = {
			isa = PBXResourcesBuildPhase;
			buildActionMask = 2147483647;
			files = (
				022E2ADC27DA7EB7004D7FC1 /* Assets.xcassets in Resources */,
			);
			runOnlyForDeploymentPostprocessing = 0;
		};
		022E2ABD27DA7EB7004D7FC1 /* Resources */ = {
			isa = PBXResourcesBuildPhase;
			buildActionMask = 2147483647;
			files = (
			);
			runOnlyForDeploymentPostprocessing = 0;
		};
		022E2AC927DA7EB7004D7FC1 /* Resources */ = {
			isa = PBXResourcesBuildPhase;
			buildActionMask = 2147483647;
			files = (
			);
			runOnlyForDeploymentPostprocessing = 0;
		};
/* End PBXResourcesBuildPhase section */

/* Begin PBXSourcesBuildPhase section */
		022E2AAE27DA7EB7004D7FC1 /* Sources */ = {
			isa = PBXSourcesBuildPhase;
			buildActionMask = 2147483647;
			files = (
				022E2AD527DA7EB7004D7FC1 /* MetisApp.swift in Sources */,
				022E2AD927DA7EB7004D7FC1 /* Persistence.swift in Sources */,
				022E2AD327DA7EB7004D7FC1 /* Metis.xcdatamodeld in Sources */,
				022E2AD727DA7EB7004D7FC1 /* ContentView.swift in Sources */,
			);
			runOnlyForDeploymentPostprocessing = 0;
		};
		022E2AB427DA7EB7004D7FC1 /* Sources */ = {
			isa = PBXSourcesBuildPhase;
			buildActionMask = 2147483647;
			files = (
				022E2AD627DA7EB7004D7FC1 /* MetisApp.swift in Sources */,
				022E2ADA27DA7EB7004D7FC1 /* Persistence.swift in Sources */,
				022E2AD427DA7EB7004D7FC1 /* Metis.xcdatamodeld in Sources */,
				022E2AD827DA7EB7004D7FC1 /* ContentView.swift in Sources */,
			);
			runOnlyForDeploymentPostprocessing = 0;
		};
		022E2ABB27DA7EB7004D7FC1 /* Sources */ = {
			isa = PBXSourcesBuildPhase;
			buildActionMask = 2147483647;
			files = (
				022E2AC627DA7EB7004D7FC1 /* Tests_iOSLaunchTests.swift in Sources */,
				022E2AC427DA7EB7004D7FC1 /* Tests_iOS.swift in Sources */,
			);
			runOnlyForDeploymentPostprocessing = 0;
		};
		022E2AC727DA7EB7004D7FC1 /* Sources */ = {
			isa = PBXSourcesBuildPhase;
			buildActionMask = 2147483647;
			files = (
				022E2AD227DA7EB7004D7FC1 /* Tests_macOSLaunchTests.swift in Sources */,
				022E2AD027DA7EB7004D7FC1 /* Tests_macOS.swift in Sources */,
			);
			runOnlyForDeploymentPostprocessing = 0;
		};
/* End PBXSourcesBuildPhase section */

/* Begin PBXTargetDependency section */
		022E2AC127DA7EB7004D7FC1 /* PBXTargetDependency */ = {
			isa = PBXTargetDependency;
			target = 022E2AB127DA7EB7004D7FC1 /* Metis (iOS) */;
			targetProxy = 022E2AC027DA7EB7004D7FC1 /* PBXContainerItemProxy */;
		};
		022E2ACD27DA7EB7004D7FC1 /* PBXTargetDependency */ = {
			isa = PBXTargetDependency;
			target = 022E2AB727DA7EB7004D7FC1 /* Metis (macOS) */;
			targetProxy = 022E2ACC27DA7EB7004D7FC1 /* PBXContainerItemProxy */;
		};
/* End PBXTargetDependency section */

/* Begin XCBuildConfiguration section */
		022E2ADD27DA7EB7004D7FC1 /* Debug */ = {
			isa = XCBuildConfiguration;
			buildSettings = {
				ALWAYS_SEARCH_USER_PATHS = NO;
				CLANG_ANALYZER_NONNULL = YES;
				CLANG_ANALYZER_NUMBER_OBJECT_CONVERSION = YES_AGGRESSIVE;
				CLANG_CXX_LANGUAGE_STANDARD = "gnu++17";
				CLANG_ENABLE_MODULES = YES;
				CLANG_ENABLE_OBJC_ARC = YES;
				CLANG_ENABLE_OBJC_WEAK = YES;
				CLANG_WARN_BLOCK_CAPTURE_AUTORELEASING = YES;
				CLANG_WARN_BOOL_CONVERSION = YES;
				CLANG_WARN_COMMA = YES;
				CLANG_WARN_CONSTANT_CONVERSION = YES;
				CLANG_WARN_DEPRECATED_OBJC_IMPLEMENTATIONS = YES;
				CLANG_WARN_DIRECT_OBJC_ISA_USAGE = YES_ERROR;
				CLANG_WARN_DOCUMENTATION_COMMENTS = YES;
				CLANG_WARN_EMPTY_BODY = YES;
				CLANG_WARN_ENUM_CONVERSION = YES;
				CLANG_WARN_INFINITE_RECURSION = YES;
				CLANG_WARN_INT_CONVERSION = YES;
				CLANG_WARN_NON_LITERAL_NULL_CONVERSION = YES;
				CLANG_WARN_OBJC_IMPLICIT_RETAIN_SELF = YES;
				CLANG_WARN_OBJC_LITERAL_CONVERSION = YES;
				CLANG_WARN_OBJC_ROOT_CLASS = YES_ERROR;
				CLANG_WARN_QUOTED_INCLUDE_IN_FRAMEWORK_HEADER = YES;
				CLANG_WARN_RANGE_LOOP_ANALYSIS = YES;
				CLANG_WARN_STRICT_PROTOTYPES = YES;
				CLANG_WARN_SUSPICIOUS_MOVE = YES;
				CLANG_WARN_UNGUARDED_AVAILABILITY = YES_AGGRESSIVE;
				CLANG_WARN_UNREACHABLE_CODE = YES;
				CLANG_WARN__DUPLICATE_METHOD_MATCH = YES;
				COPY_PHASE_STRIP = NO;
				DEBUG_INFORMATION_FORMAT = dwarf;
				ENABLE_STRICT_OBJC_MSGSEND = YES;
				ENABLE_TESTABILITY = YES;
				GCC_C_LANGUAGE_STANDARD = gnu11;
				GCC_DYNAMIC_NO_PIC = NO;
				GCC_NO_COMMON_BLOCKS = YES;
				GCC_OPTIMIZATION_LEVEL = 0;
				GCC_PREPROCESSOR_DEFINITIONS = (
					"DEBUG=1",
					"$(inherited)",
				);
				GCC_WARN_64_TO_32_BIT_CONVERSION = YES;
				GCC_WARN_ABOUT_RETURN_TYPE = YES_ERROR;
				GCC_WARN_UNDECLARED_SELECTOR = YES;
				GCC_WARN_UNINITIALIZED_AUTOS = YES_AGGRESSIVE;
				GCC_WARN_UNUSED_FUNCTION = YES;
				GCC_WARN_UNUSED_VARIABLE = YES;
				MTL_ENABLE_DEBUG_INFO = INCLUDE_SOURCE;
				MTL_FAST_MATH = YES;
				ONLY_ACTIVE_ARCH = YES;
				SWIFT_ACTIVE_COMPILATION_CONDITIONS = DEBUG;
				SWIFT_OPTIMIZATION_LEVEL = "-Onone";
			};
			name = Debug;
		};
		022E2ADE27DA7EB7004D7FC1 /* Release */ = {
			isa = XCBuildConfiguration;
			buildSettings = {
				ALWAYS_SEARCH_USER_PATHS = NO;
				CLANG_ANALYZER_NONNULL = YES;
				CLANG_ANALYZER_NUMBER_OBJECT_CONVERSION = YES_AGGRESSIVE;
				CLANG_CXX_LANGUAGE_STANDARD = "gnu++17";
				CLANG_ENABLE_MODULES = YES;
				CLANG_ENABLE_OBJC_ARC = YES;
				CLANG_ENABLE_OBJC_WEAK = YES;
				CLANG_WARN_BLOCK_CAPTURE_AUTORELEASING = YES;
				CLANG_WARN_BOOL_CONVERSION = YES;
				CLANG_WARN_COMMA = YES;
				CLANG_WARN_CONSTANT_CONVERSION = YES;
				CLANG_WARN_DEPRECATED_OBJC_IMPLEMENTATIONS = YES;
				CLANG_WARN_DIRECT_OBJC_ISA_USAGE = YES_ERROR;
				CLANG_WARN_DOCUMENTATION_COMMENTS = YES;
				CLANG_WARN_EMPTY_BODY = YES;
				CLANG_WARN_ENUM_CONVERSION = YES;
				CLANG_WARN_INFINITE_RECURSION = YES;
				CLANG_WARN_INT_CONVERSION = YES;
				CLANG_WARN_NON_LITERAL_NULL_CONVERSION = YES;
				CLANG_WARN_OBJC_IMPLICIT_RETAIN_SELF = YES;
				CLANG_WARN_OBJC_LITERAL_CONVERSION = YES;
				CLANG_WARN_OBJC_ROOT_CLASS = YES_ERROR;
				CLANG_WARN_QUOTED_INCLUDE_IN_FRAMEWORK_HEADER = YES;
				CLANG_WARN_RANGE_LOOP_ANALYSIS = YES;
				CLANG_WARN_STRICT_PROTOTYPES = YES;
				CLANG_WARN_SUSPICIOUS_MOVE = YES;
				CLANG_WARN_UNGUARDED_AVAILABILITY = YES_AGGRESSIVE;
				CLANG_WARN_UNREACHABLE_CODE = YES;
				CLANG_WARN__DUPLICATE_METHOD_MATCH = YES;
				COPY_PHASE_STRIP = NO;
				DEBUG_INFORMATION_FORMAT = "dwarf-with-dsym";
				ENABLE_NS_ASSERTIONS = NO;
				ENABLE_STRICT_OBJC_MSGSEND = YES;
				GCC_C_LANGUAGE_STANDARD = gnu11;
				GCC_NO_COMMON_BLOCKS = YES;
				GCC_WARN_64_TO_32_BIT_CONVERSION = YES;
				GCC_WARN_ABOUT_RETURN_TYPE = YES_ERROR;
				GCC_WARN_UNDECLARED_SELECTOR = YES;
				GCC_WARN_UNINITIALIZED_AUTOS = YES_AGGRESSIVE;
				GCC_WARN_UNUSED_FUNCTION = YES;
				GCC_WARN_UNUSED_VARIABLE = YES;
				MTL_ENABLE_DEBUG_INFO = NO;
				MTL_FAST_MATH = YES;
				SWIFT_COMPILATION_MODE = wholemodule;
				SWIFT_OPTIMIZATION_LEVEL = "-O";
			};
			name = Release;
		};
		022E2AE027DA7EB7004D7FC1 /* Debug */ = {
			isa = XCBuildConfiguration;
			buildSettings = {
				ASSETCATALOG_COMPILER_APPICON_NAME = AppIcon;
				ASSETCATALOG_COMPILER_GLOBAL_ACCENT_COLOR_NAME = AccentColor;
				CODE_SIGN_STYLE = Automatic;
				CURRENT_PROJECT_VERSION = 1;
				ENABLE_PREVIEWS = YES;
				GENERATE_INFOPLIST_FILE = YES;
				INFOPLIST_KEY_UIApplicationSceneManifest_Generation = YES;
				INFOPLIST_KEY_UIApplicationSupportsIndirectInputEvents = YES;
				INFOPLIST_KEY_UILaunchScreen_Generation = YES;
				INFOPLIST_KEY_UISupportedInterfaceOrientations_iPad = "UIInterfaceOrientationPortrait UIInterfaceOrientationPortraitUpsideDown UIInterfaceOrientationLandscapeLeft UIInterfaceOrientationLandscapeRight";
				INFOPLIST_KEY_UISupportedInterfaceOrientations_iPhone = "UIInterfaceOrientationPortrait UIInterfaceOrientationLandscapeLeft UIInterfaceOrientationLandscapeRight";
				IPHONEOS_DEPLOYMENT_TARGET = 15.4;
				LD_RUNPATH_SEARCH_PATHS = (
					"$(inherited)",
					"@executable_path/Frameworks",
				);
				MARKETING_VERSION = 1.0;
				PRODUCT_BUNDLE_IDENTIFIER = Conjure.Metis;
				PRODUCT_NAME = Metis;
				SDKROOT = iphoneos;
				SWIFT_EMIT_LOC_STRINGS = YES;
				SWIFT_VERSION = 5.0;
				TARGETED_DEVICE_FAMILY = "1,2";
			};
			name = Debug;
		};
		022E2AE127DA7EB7004D7FC1 /* Release */ = {
			isa = XCBuildConfiguration;
			buildSettings = {
				ASSETCATALOG_COMPILER_APPICON_NAME = AppIcon;
				ASSETCATALOG_COMPILER_GLOBAL_ACCENT_COLOR_NAME = AccentColor;
				CODE_SIGN_STYLE = Automatic;
				CURRENT_PROJECT_VERSION = 1;
				ENABLE_PREVIEWS = YES;
				GENERATE_INFOPLIST_FILE = YES;
				INFOPLIST_KEY_UIApplicationSceneManifest_Generation = YES;
				INFOPLIST_KEY_UIApplicationSupportsIndirectInputEvents = YES;
				INFOPLIST_KEY_UILaunchScreen_Generation = YES;
				INFOPLIST_KEY_UISupportedInterfaceOrientations_iPad = "UIInterfaceOrientationPortrait UIInterfaceOrientationPortraitUpsideDown UIInterfaceOrientationLandscapeLeft UIInterfaceOrientationLandscapeRight";
				INFOPLIST_KEY_UISupportedInterfaceOrientations_iPhone = "UIInterfaceOrientationPortrait UIInterfaceOrientationLandscapeLeft UIInterfaceOrientationLandscapeRight";
				IPHONEOS_DEPLOYMENT_TARGET = 15.4;
				LD_RUNPATH_SEARCH_PATHS = (
					"$(inherited)",
					"@executable_path/Frameworks",
				);
				MARKETING_VERSION = 1.0;
				PRODUCT_BUNDLE_IDENTIFIER = Conjure.Metis;
				PRODUCT_NAME = Metis;
				SDKROOT = iphoneos;
				SWIFT_EMIT_LOC_STRINGS = YES;
				SWIFT_VERSION = 5.0;
				TARGETED_DEVICE_FAMILY = "1,2";
				VALIDATE_PRODUCT = YES;
			};
			name = Release;
		};
		022E2AE327DA7EB7004D7FC1 /* Debug */ = {
			isa = XCBuildConfiguration;
			buildSettings = {
				ASSETCATALOG_COMPILER_APPICON_NAME = AppIcon;
				ASSETCATALOG_COMPILER_GLOBAL_ACCENT_COLOR_NAME = AccentColor;
				CODE_SIGN_ENTITLEMENTS = macOS/macOS.entitlements;
				CODE_SIGN_STYLE = Automatic;
				COMBINE_HIDPI_IMAGES = YES;
				CURRENT_PROJECT_VERSION = 1;
				ENABLE_PREVIEWS = YES;
				GENERATE_INFOPLIST_FILE = YES;
				INFOPLIST_KEY_NSHumanReadableCopyright = "";
				LD_RUNPATH_SEARCH_PATHS = (
					"$(inherited)",
					"@executable_path/../Frameworks",
				);
				MACOSX_DEPLOYMENT_TARGET = 12.1;
				MARKETING_VERSION = 1.0;
				PRODUCT_BUNDLE_IDENTIFIER = Conjure.Metis;
				PRODUCT_NAME = Metis;
				SDKROOT = macosx;
				SWIFT_EMIT_LOC_STRINGS = YES;
				SWIFT_VERSION = 5.0;
			};
			name = Debug;
		};
		022E2AE427DA7EB7004D7FC1 /* Release */ = {
			isa = XCBuildConfiguration;
			buildSettings = {
				ASSETCATALOG_COMPILER_APPICON_NAME = AppIcon;
				ASSETCATALOG_COMPILER_GLOBAL_ACCENT_COLOR_NAME = AccentColor;
				CODE_SIGN_ENTITLEMENTS = macOS/macOS.entitlements;
				CODE_SIGN_STYLE = Automatic;
				COMBINE_HIDPI_IMAGES = YES;
				CURRENT_PROJECT_VERSION = 1;
				ENABLE_PREVIEWS = YES;
				GENERATE_INFOPLIST_FILE = YES;
				INFOPLIST_KEY_NSHumanReadableCopyright = "";
				LD_RUNPATH_SEARCH_PATHS = (
					"$(inherited)",
					"@executable_path/../Frameworks",
				);
				MACOSX_DEPLOYMENT_TARGET = 12.1;
				MARKETING_VERSION = 1.0;
				PRODUCT_BUNDLE_IDENTIFIER = Conjure.Metis;
				PRODUCT_NAME = Metis;
				SDKROOT = macosx;
				SWIFT_EMIT_LOC_STRINGS = YES;
				SWIFT_VERSION = 5.0;
			};
			name = Release;
		};
		022E2AE627DA7EB7004D7FC1 /* Debug */ = {
			isa = XCBuildConfiguration;
			buildSettings = {
				ALWAYS_EMBED_SWIFT_STANDARD_LIBRARIES = YES;
				CODE_SIGN_STYLE = Automatic;
				CURRENT_PROJECT_VERSION = 1;
				GENERATE_INFOPLIST_FILE = YES;
				IPHONEOS_DEPLOYMENT_TARGET = 15.4;
				MARKETING_VERSION = 1.0;
				PRODUCT_BUNDLE_IDENTIFIER = "Conjure.Tests-iOS";
				PRODUCT_NAME = "$(TARGET_NAME)";
				SDKROOT = iphoneos;
				SWIFT_EMIT_LOC_STRINGS = NO;
				SWIFT_VERSION = 5.0;
				TARGETED_DEVICE_FAMILY = "1,2";
				TEST_TARGET_NAME = "Metis (iOS)";
			};
			name = Debug;
		};
		022E2AE727DA7EB7004D7FC1 /* Release */ = {
			isa = XCBuildConfiguration;
			buildSettings = {
				ALWAYS_EMBED_SWIFT_STANDARD_LIBRARIES = YES;
				CODE_SIGN_STYLE = Automatic;
				CURRENT_PROJECT_VERSION = 1;
				GENERATE_INFOPLIST_FILE = YES;
				IPHONEOS_DEPLOYMENT_TARGET = 15.4;
				MARKETING_VERSION = 1.0;
				PRODUCT_BUNDLE_IDENTIFIER = "Conjure.Tests-iOS";
				PRODUCT_NAME = "$(TARGET_NAME)";
				SDKROOT = iphoneos;
				SWIFT_EMIT_LOC_STRINGS = NO;
				SWIFT_VERSION = 5.0;
				TARGETED_DEVICE_FAMILY = "1,2";
				TEST_TARGET_NAME = "Metis (iOS)";
				VALIDATE_PRODUCT = YES;
			};
			name = Release;
		};
		022E2AE927DA7EB7004D7FC1 /* Debug */ = {
			isa = XCBuildConfiguration;
			buildSettings = {
				ALWAYS_EMBED_SWIFT_STANDARD_LIBRARIES = YES;
				CODE_SIGN_STYLE = Automatic;
				CURRENT_PROJECT_VERSION = 1;
				GENERATE_INFOPLIST_FILE = YES;
				MACOSX_DEPLOYMENT_TARGET = 12.1;
				MARKETING_VERSION = 1.0;
				PRODUCT_BUNDLE_IDENTIFIER = "Conjure.Tests-macOS";
				PRODUCT_NAME = "$(TARGET_NAME)";
				SDKROOT = macosx;
				SWIFT_EMIT_LOC_STRINGS = NO;
				SWIFT_VERSION = 5.0;
				TEST_TARGET_NAME = "Metis (macOS)";
			};
			name = Debug;
		};
		022E2AEA27DA7EB7004D7FC1 /* Release */ = {
			isa = XCBuildConfiguration;
			buildSettings = {
				ALWAYS_EMBED_SWIFT_STANDARD_LIBRARIES = YES;
				CODE_SIGN_STYLE = Automatic;
				CURRENT_PROJECT_VERSION = 1;
				GENERATE_INFOPLIST_FILE = YES;
				MACOSX_DEPLOYMENT_TARGET = 12.1;
				MARKETING_VERSION = 1.0;
				PRODUCT_BUNDLE_IDENTIFIER = "Conjure.Tests-macOS";
				PRODUCT_NAME = "$(TARGET_NAME)";
				SDKROOT = macosx;
				SWIFT_EMIT_LOC_STRINGS = NO;
				SWIFT_VERSION = 5.0;
				TEST_TARGET_NAME = "Metis (macOS)";
			};
			name = Release;
		};
/* End XCBuildConfiguration section */

/* Begin XCConfigurationList section */
		022E2AA627DA7EB2004D7FC1 /* Build configuration list for PBXProject "Metis" */ = {
			isa = XCConfigurationList;
			buildConfigurations = (
				022E2ADD27DA7EB7004D7FC1 /* Debug */,
				022E2ADE27DA7EB7004D7FC1 /* Release */,
			);
			defaultConfigurationIsVisible = 0;
			defaultConfigurationName = Release;
		};
		022E2ADF27DA7EB7004D7FC1 /* Build configuration list for PBXNativeTarget "Metis (iOS)" */ = {
			isa = XCConfigurationList;
			buildConfigurations = (
				022E2AE027DA7EB7004D7FC1 /* Debug */,
				022E2AE127DA7EB7004D7FC1 /* Release */,
			);
			defaultConfigurationIsVisible = 0;
			defaultConfigurationName = Release;
		};
		022E2AE227DA7EB7004D7FC1 /* Build configuration list for PBXNativeTarget "Metis (macOS)" */ = {
			isa = XCConfigurationList;
			buildConfigurations = (
				022E2AE327DA7EB7004D7FC1 /* Debug */,
				022E2AE427DA7EB7004D7FC1 /* Release */,
			);
			defaultConfigurationIsVisible = 0;
			defaultConfigurationName = Release;
		};
		022E2AE527DA7EB7004D7FC1 /* Build configuration list for PBXNativeTarget "Tests iOS" */ = {
			isa = XCConfigurationList;
			buildConfigurations = (
				022E2AE627DA7EB7004D7FC1 /* Debug */,
				022E2AE727DA7EB7004D7FC1 /* Release */,
			);
			defaultConfigurationIsVisible = 0;
			defaultConfigurationName = Release;
		};
		022E2AE827DA7EB7004D7FC1 /* Build configuration list for PBXNativeTarget "Tests macOS" */ = {
			isa = XCConfigurationList;
			buildConfigurations = (
				022E2AE927DA7EB7004D7FC1 /* Debug */,
				022E2AEA27DA7EB7004D7FC1 /* Release */,
			);
			defaultConfigurationIsVisible = 0;
			defaultConfigurationName = Release;
		};
/* End XCConfigurationList section */

/* Begin XCVersionGroup section */
		022E2AA827DA7EB2004D7FC1 /* Metis.xcdatamodeld */ = {
			isa = XCVersionGroup;
			children = (
				022E2AA927DA7EB2004D7FC1 /* Shared.xcdatamodel */,
			);
			currentVersion = 022E2AA927DA7EB2004D7FC1 /* Shared.xcdatamodel */;
			path = Metis.xcdatamodeld;
			sourceTree = "<group>";
			versionGroupType = wrapper.xcdatamodel;
		};
/* End XCVersionGroup section */
	};
	rootObject = 022E2AA327DA7EB2004D7FC1 /* Project object */;
}
